
Microsoft Visual Studio Solution File, Format Version 12.00
# Visual Studio Version 17
VisualStudioVersion = 17.11.35312.102
MinimumVisualStudioVersion = 10.0.40219.1
Project("{9A19103F-16F7-4668-BE54-9A1E7A4F7556}") = "Lyt.Avalonia.Framework.TestApp", "Lyt.Avalonia.Framework.TestApp\Lyt.Avalonia.Framework.TestApp.csproj", "{5FED511E-EE75-442C-AB6C-E1C7D1206F15}"
EndProject
Project("{9A19103F-16F7-4668-BE54-9A1E7A4F7556}") = "Lyt.Avalonia.Controls", "Lyt.Avalonia.Controls\Lyt.Avalonia.Controls.csproj", "{DDAEECCC-168D-4EC6-B063-A0E6F40C43A1}"
EndProject
Project("{9A19103F-16F7-4668-BE54-9A1E7A4F7556}") = "Lyt.Avalonia.Interfaces", "Lyt.Avalonia.Interfaces\Lyt.Avalonia.Interfaces.csproj", "{1097E385-09C7-41BE-ABE4-DCDF102FC0A2}"
EndProject
Project("{9A19103F-16F7-4668-BE54-9A1E7A4F7556}") = "Lyt.Avalonia.Localizer", "Lyt.Avalonia.Localizer\Lyt.Avalonia.Localizer.csproj", "{91937B4A-3BF8-4EDA-96CD-B77699BC76CA}"
EndProject
Project("{9A19103F-16F7-4668-BE54-9A1E7A4F7556}") = "Lyt.Avalonia.Model", "Lyt.Avalonia.Model\Lyt.Avalonia.Model.csproj", "{BF19EBE6-36ED-4119-A9B5-0235E927A089}"
EndProject
Project("{9A19103F-16F7-4668-BE54-9A1E7A4F7556}") = "Lyt.Avalonia.Mvvm", "Lyt.Avalonia.Mvvm\Lyt.Avalonia.Mvvm.csproj", "{B4FB666E-EF0F-4234-AE76-D65ED8A6BC35}"
EndProject
Project("{9A19103F-16F7-4668-BE54-9A1E7A4F7556}") = "Lyt.Avalonia.Persistence", "Lyt.Avalonia.Persistence\Lyt.Avalonia.Persistence.csproj", "{A9501D65-5E03-4019-AA5B-4E2AACABB118}"
EndProject
Project("{9A19103F-16F7-4668-BE54-9A1E7A4F7556}") = "Lyt.StateMachine", "Lyt.StateMachine\Lyt.StateMachine.csproj", "{2794620F-3AA8-42AD-BA40-1FB5CE86DCAF}"
EndProject
Project("{9A19103F-16F7-4668-BE54-9A1E7A4F7556}") = "Lyt.Avalonia.Orchestrator", "Lyt.Avalonia.Orchestrator\Lyt.Avalonia.Orchestrator.csproj", "{725FC519-AE6B-460E-A17F-DCA553F8CEC3}"
EndProject
Project("{9A19103F-16F7-4668-BE54-9A1E7A4F7556}") = "Lyt.Avalonia.UserAdministration", "Lyt.Avalonia.UserAdministration\Lyt.Avalonia.UserAdministration.csproj", "{DC0DA2D3-12C6-48EC-AF9F-745DCCA88EBB}"
EndProject
Project("{9A19103F-16F7-4668-BE54-9A1E7A4F7556}") = "Lyt.Avalonia.Themes", "Lyt.Avalonia.Themes\Lyt.Avalonia.Themes.csproj", "{CA778778-6815-4A44-B0EE-D6CE4EAA38E6}"
EndProject
Project("{FAE04EC0-301F-11D3-BF4B-00C04F79EFBC}") = "Lyt.Avalonia.LocalizationTool", "Lyt.Avalonia.LocalizationTool\Lyt.Avalonia.LocalizationTool.csproj", "{FE7990FC-B577-4AA8-91D4-8B0FF8C840F8}"
EndProject
Project("{FAE04EC0-301F-11D3-BF4B-00C04F79EFBC}") = "Lyt.Search", "Lyt.Search\Lyt.Search.csproj", "{0577BEE4-7EF0-4366-A489-E4545696A3C0}"
EndProject
Project("{FAE04EC0-301F-11D3-BF4B-00C04F79EFBC}") = "Lyt.Validation", "Lyt.Validation\Lyt.Validation.csproj", "{5A53F485-CAC1-4A20-9601-E027A9905F63}"
EndProject
Project("{2150E333-8FDC-42A3-9474-1A3956D46DE8}") = "SolutionItems", "SolutionItems", "{57408627-44D5-4A60-B838-E2BFD1A16FAB}"
	ProjectSection(SolutionItems) = preProject
		.github\workflows\dotnet.yml = .github\workflows\dotnet.yml
		README.md = README.md
	EndProjectSection
EndProject
Project("{FAE04EC0-301F-11D3-BF4B-00C04F79EFBC}") = "Lyt.Reflector", "Lyt.Reflector\Lyt.Reflector.csproj", "{63C2446B-1E13-46C5-AC02-453AF1DD1097}"
EndProject
Global
	GlobalSection(SolutionConfigurationPlatforms) = preSolution
		Debug|Any CPU = Debug|Any CPU
		Release|Any CPU = Release|Any CPU
	EndGlobalSection
	GlobalSection(ProjectConfigurationPlatforms) = postSolution
		{5FED511E-EE75-442C-AB6C-E1C7D1206F15}.Debug|Any CPU.ActiveCfg = Debug|Any CPU
		{5FED511E-EE75-442C-AB6C-E1C7D1206F15}.Debug|Any CPU.Build.0 = Debug|Any CPU
		{5FED511E-EE75-442C-AB6C-E1C7D1206F15}.Release|Any CPU.ActiveCfg = Release|Any CPU
		{5FED511E-EE75-442C-AB6C-E1C7D1206F15}.Release|Any CPU.Build.0 = Release|Any CPU
		{DDAEECCC-168D-4EC6-B063-A0E6F40C43A1}.Debug|Any CPU.ActiveCfg = Debug|Any CPU
		{DDAEECCC-168D-4EC6-B063-A0E6F40C43A1}.Debug|Any CPU.Build.0 = Debug|Any CPU
		{DDAEECCC-168D-4EC6-B063-A0E6F40C43A1}.Release|Any CPU.ActiveCfg = Release|Any CPU
		{DDAEECCC-168D-4EC6-B063-A0E6F40C43A1}.Release|Any CPU.Build.0 = Release|Any CPU
		{1097E385-09C7-41BE-ABE4-DCDF102FC0A2}.Debug|Any CPU.ActiveCfg = Debug|Any CPU
		{1097E385-09C7-41BE-ABE4-DCDF102FC0A2}.Debug|Any CPU.Build.0 = Debug|Any CPU
		{1097E385-09C7-41BE-ABE4-DCDF102FC0A2}.Release|Any CPU.ActiveCfg = Release|Any CPU
		{1097E385-09C7-41BE-ABE4-DCDF102FC0A2}.Release|Any CPU.Build.0 = Release|Any CPU
		{91937B4A-3BF8-4EDA-96CD-B77699BC76CA}.Debug|Any CPU.ActiveCfg = Debug|Any CPU
		{91937B4A-3BF8-4EDA-96CD-B77699BC76CA}.Debug|Any CPU.Build.0 = Debug|Any CPU
		{91937B4A-3BF8-4EDA-96CD-B77699BC76CA}.Release|Any CPU.ActiveCfg = Release|Any CPU
		{91937B4A-3BF8-4EDA-96CD-B77699BC76CA}.Release|Any CPU.Build.0 = Release|Any CPU
		{BF19EBE6-36ED-4119-A9B5-0235E927A089}.Debug|Any CPU.ActiveCfg = Debug|Any CPU
		{BF19EBE6-36ED-4119-A9B5-0235E927A089}.Debug|Any CPU.Build.0 = Debug|Any CPU
		{BF19EBE6-36ED-4119-A9B5-0235E927A089}.Release|Any CPU.ActiveCfg = Release|Any CPU
		{BF19EBE6-36ED-4119-A9B5-0235E927A089}.Release|Any CPU.Build.0 = Release|Any CPU
		{B4FB666E-EF0F-4234-AE76-D65ED8A6BC35}.Debug|Any CPU.ActiveCfg = Debug|Any CPU
		{B4FB666E-EF0F-4234-AE76-D65ED8A6BC35}.Debug|Any CPU.Build.0 = Debug|Any CPU
		{B4FB666E-EF0F-4234-AE76-D65ED8A6BC35}.Release|Any CPU.ActiveCfg = Release|Any CPU
		{B4FB666E-EF0F-4234-AE76-D65ED8A6BC35}.Release|Any CPU.Build.0 = Release|Any CPU
		{A9501D65-5E03-4019-AA5B-4E2AACABB118}.Debug|Any CPU.ActiveCfg = Debug|Any CPU
		{A9501D65-5E03-4019-AA5B-4E2AACABB118}.Debug|Any CPU.Build.0 = Debug|Any CPU
		{A9501D65-5E03-4019-AA5B-4E2AACABB118}.Release|Any CPU.ActiveCfg = Release|Any CPU
		{A9501D65-5E03-4019-AA5B-4E2AACABB118}.Release|Any CPU.Build.0 = Release|Any CPU
		{2794620F-3AA8-42AD-BA40-1FB5CE86DCAF}.Debug|Any CPU.ActiveCfg = Debug|Any CPU
		{2794620F-3AA8-42AD-BA40-1FB5CE86DCAF}.Debug|Any CPU.Build.0 = Debug|Any CPU
		{2794620F-3AA8-42AD-BA40-1FB5CE86DCAF}.Release|Any CPU.ActiveCfg = Release|Any CPU
		{2794620F-3AA8-42AD-BA40-1FB5CE86DCAF}.Release|Any CPU.Build.0 = Release|Any CPU
		{725FC519-AE6B-460E-A17F-DCA553F8CEC3}.Debug|Any CPU.ActiveCfg = Debug|Any CPU
		{725FC519-AE6B-460E-A17F-DCA553F8CEC3}.Debug|Any CPU.Build.0 = Debug|Any CPU
		{725FC519-AE6B-460E-A17F-DCA553F8CEC3}.Release|Any CPU.ActiveCfg = Release|Any CPU
		{725FC519-AE6B-460E-A17F-DCA553F8CEC3}.Release|Any CPU.Build.0 = Release|Any CPU
		{DC0DA2D3-12C6-48EC-AF9F-745DCCA88EBB}.Debug|Any CPU.ActiveCfg = Debug|Any CPU
		{DC0DA2D3-12C6-48EC-AF9F-745DCCA88EBB}.Debug|Any CPU.Build.0 = Debug|Any CPU
		{DC0DA2D3-12C6-48EC-AF9F-745DCCA88EBB}.Release|Any CPU.ActiveCfg = Release|Any CPU
		{DC0DA2D3-12C6-48EC-AF9F-745DCCA88EBB}.Release|Any CPU.Build.0 = Release|Any CPU
		{CA778778-6815-4A44-B0EE-D6CE4EAA38E6}.Debug|Any CPU.ActiveCfg = Debug|Any CPU
		{CA778778-6815-4A44-B0EE-D6CE4EAA38E6}.Debug|Any CPU.Build.0 = Debug|Any CPU
		{CA778778-6815-4A44-B0EE-D6CE4EAA38E6}.Release|Any CPU.ActiveCfg = Release|Any CPU
		{CA778778-6815-4A44-B0EE-D6CE4EAA38E6}.Release|Any CPU.Build.0 = Release|Any CPU
		{FE7990FC-B577-4AA8-91D4-8B0FF8C840F8}.Debug|Any CPU.ActiveCfg = Debug|Any CPU
		{FE7990FC-B577-4AA8-91D4-8B0FF8C840F8}.Debug|Any CPU.Build.0 = Debug|Any CPU
		{FE7990FC-B577-4AA8-91D4-8B0FF8C840F8}.Release|Any CPU.ActiveCfg = Release|Any CPU
		{FE7990FC-B577-4AA8-91D4-8B0FF8C840F8}.Release|Any CPU.Build.0 = Release|Any CPU
		{0577BEE4-7EF0-4366-A489-E4545696A3C0}.Debug|Any CPU.ActiveCfg = Debug|Any CPU
		{0577BEE4-7EF0-4366-A489-E4545696A3C0}.Debug|Any CPU.Build.0 = Debug|Any CPU
		{0577BEE4-7EF0-4366-A489-E4545696A3C0}.Release|Any CPU.ActiveCfg = Release|Any CPU
		{0577BEE4-7EF0-4366-A489-E4545696A3C0}.Release|Any CPU.Build.0 = Release|Any CPU
		{5A53F485-CAC1-4A20-9601-E027A9905F63}.Debug|Any CPU.ActiveCfg = Debug|Any CPU
		{5A53F485-CAC1-4A20-9601-E027A9905F63}.Debug|Any CPU.Build.0 = Debug|Any CPU
		{5A53F485-CAC1-4A20-9601-E027A9905F63}.Release|Any CPU.ActiveCfg = Release|Any CPU
		{5A53F485-CAC1-4A20-9601-E027A9905F63}.Release|Any CPU.Build.0 = Release|Any CPU
		{63C2446B-1E13-46C5-AC02-453AF1DD1097}.Debug|Any CPU.ActiveCfg = Debug|Any CPU
		{63C2446B-1E13-46C5-AC02-453AF1DD1097}.Debug|Any CPU.Build.0 = Debug|Any CPU
		{63C2446B-1E13-46C5-AC02-453AF1DD1097}.Release|Any CPU.ActiveCfg = Release|Any CPU
		{63C2446B-1E13-46C5-AC02-453AF1DD1097}.Release|Any CPU.Build.0 = Release|Any CPU
	EndGlobalSection
	GlobalSection(SolutionProperties) = preSolution
		HideSolutionNode = FALSE
	EndGlobalSection
	GlobalSection(ExtensibilityGlobals) = postSolution
		SolutionGuid = {61798396-CA66-417D-917E-1D756E56AD60}
	EndGlobalSection
EndGlobal
